
Microsoft Visual Studio Solution File, Format Version 12.00
# Visual Studio Version 17
VisualStudioVersion = 17.4.33213.308
MinimumVisualStudioVersion = 10.0.40219.1
Project("{FAE04EC0-301F-11D3-BF4B-00C04F79EFBC}") = "App_13_Collections_LinkedList", "App_13_Collections_LinkedList\App_13_Collections_LinkedList.csproj", "{6B3C143C-8673-4126-8CB9-02D49DA40332}"
EndProject
Global
	GlobalSection(SolutionConfigurationPlatforms) = preSolution
		Debug|Any CPU = Debug|Any CPU
		Release|Any CPU = Release|Any CPU
	EndGlobalSection
	GlobalSection(ProjectConfigurationPlatforms) = postSolution
		{6B3C143C-8673-4126-8CB9-02D49DA40332}.Debug|Any CPU.ActiveCfg = Debug|Any CPU
		{6B3C143C-8673-4126-8CB9-02D49DA40332}.Debug|Any CPU.Build.0 = Debug|Any CPU
		{6B3C143C-8673-4126-8CB9-02D49DA40332}.Release|Any CPU.ActiveCfg = Release|Any CPU
		{6B3C143C-8673-4126-8CB9-02D49DA40332}.Release|Any CPU.Build.0 = Release|Any CPU
	EndGlobalSection
	GlobalSection(SolutionProperties) = preSolution
		HideSolutionNode = FALSE
	EndGlobalSection
	GlobalSection(ExtensibilityGlobals) = postSolution
		SolutionGuid = {97FC65EF-0EF8-4F0A-91CA-B9897F019565}
	EndGlobalSection
EndGlobal
