
Microsoft Visual Studio Solution File, Format Version 12.00
# Visual Studio Version 17
VisualStudioVersion = 17.4.33213.308
MinimumVisualStudioVersion = 10.0.40219.1
Project("{FAE04EC0-301F-11D3-BF4B-00C04F79EFBC}") = "App_08_Properties", "App_08_Properties\App_08_Properties.csproj", "{D2D647E7-0EAE-4B91-92DC-603D4207C334}"
EndProject
Global
	GlobalSection(SolutionConfigurationPlatforms) = preSolution
		Debug|Any CPU = Debug|Any CPU
		Release|Any CPU = Release|Any CPU
	EndGlobalSection
	GlobalSection(ProjectConfigurationPlatforms) = postSolution
		{D2D647E7-0EAE-4B91-92DC-603D4207C334}.Debug|Any CPU.ActiveCfg = Debug|Any CPU
		{D2D647E7-0EAE-4B91-92DC-603D4207C334}.Debug|Any CPU.Build.0 = Debug|Any CPU
		{D2D647E7-0EAE-4B91-92DC-603D4207C334}.Release|Any CPU.ActiveCfg = Release|Any CPU
		{D2D647E7-0EAE-4B91-92DC-603D4207C334}.Release|Any CPU.Build.0 = Release|Any CPU
	EndGlobalSection
	GlobalSection(SolutionProperties) = preSolution
		HideSolutionNode = FALSE
	EndGlobalSection
	GlobalSection(ExtensibilityGlobals) = postSolution
		SolutionGuid = {9BD8E872-0BDD-4173-ACBC-FDE5217378B7}
	EndGlobalSection
EndGlobal
